
Microsoft Visual Studio Solution File, Format Version 12.00
# Visual Studio Version 16
VisualStudioVersion = 16.0.30611.23
MinimumVisualStudioVersion = 10.0.40219.1
Project("{8BC9CEB8-8B4A-11D0-8D11-00A0C91BC942}") = "UnderwaterGLDemo", "UnderwaterGLDemo\UnderwaterGLDemo.vcxproj", "{A171B9F8-B79A-4FD2-A5F4-C41187F4972D}"
EndProject
Global
	GlobalSection(SolutionConfigurationPlatforms) = preSolution
		Debug|x64 = Debug|x64
		Debug|x86 = Debug|x86
		Release|x64 = Release|x64
		Release|x86 = Release|x86
	EndGlobalSection
	GlobalSection(ProjectConfigurationPlatforms) = postSolution
		{A171B9F8-B79A-4FD2-A5F4-C41187F4972D}.Debug|x64.ActiveCfg = Debug|x64
		{A171B9F8-B79A-4FD2-A5F4-C41187F4972D}.Debug|x64.Build.0 = Debug|x64
		{A171B9F8-B79A-4FD2-A5F4-C41187F4972D}.Debug|x86.ActiveCfg = Debug|Win32
		{A171B9F8-B79A-4FD2-A5F4-C41187F4972D}.Debug|x86.Build.0 = Debug|Win32
		{A171B9F8-B79A-4FD2-A5F4-C41187F4972D}.Release|x64.ActiveCfg = Release|x64
		{A171B9F8-B79A-4FD2-A5F4-C41187F4972D}.Release|x64.Build.0 = Release|x64
		{A171B9F8-B79A-4FD2-A5F4-C41187F4972D}.Release|x86.ActiveCfg = Release|Win32
		{A171B9F8-B79A-4FD2-A5F4-C41187F4972D}.Release|x86.Build.0 = Release|Win32
	EndGlobalSection
	GlobalSection(SolutionProperties) = preSolution
		HideSolutionNode = FALSE
	EndGlobalSection
	GlobalSection(ExtensibilityGlobals) = postSolution
		SolutionGuid = {EC880AEB-C779-488A-A4CA-2455BD1D0C6A}
	EndGlobalSection
EndGlobal
